{
	"name": "@ghostv/babel-plugin-transform-snabbdom-jsx",
	"version": "0.0.0",
	"lockfileVersion": 1,
	"requires": true,
	"dependencies": {
		"@babel/helper-module-imports": {
			"version": "7.0.0",
			"resolved": "https://registry.npm.taobao.org/@babel/helper-module-imports/download/@babel/helper-module-imports-7.0.0.tgz",
			"integrity": "sha1-lggbcRHkhtpNLNlxrRpP4hbMLj0=",
			"requires": {
				"@babel/types": "^7.0.0"
			}
		},
		"@babel/helper-plugin-utils": {
			"version": "7.0.0",
			"resolved": "https://registry.npm.taobao.org/@babel/helper-plugin-utils/download/@babel/helper-plugin-utils-7.0.0.tgz",
			"integrity": "sha1-u7P77phmHFaQNCN8wDlnupm08lA="
		},
		"@babel/plugin-syntax-jsx": {
			"version": "7.2.0",
			"resolved": "https://registry.npm.taobao.org/@babel/plugin-syntax-jsx/download/@babel/plugin-syntax-jsx-7.2.0.tgz",
			"integrity": "sha1-C4WjtLx830zEuL8jYzW5B8oi58c=",
			"requires": {
				"@babel/helper-plugin-utils": "^7.0.0"
			}
		},
		"@babel/types": {
			"version": "7.6.1",
			"resolved": "https://registry.npm.taobao.org/@babel/types/download/@babel/types-7.6.1.tgz?cache=0&sync_timestamp=1567804815203&other_urls=https%3A%2F%2Fregistry.npm.taobao.org%2F%40babel%2Ftypes%2Fdownload%2F%40babel%2Ftypes-7.6.1.tgz",
			"integrity": "sha1-U6vzMIrdOsKiiE1TkVHFfEs6xkg=",
			"requires": {
				"esutils": "^2.0.2",
				"lodash": "^4.17.13",
				"to-fast-properties": "^2.0.0"
			}
		},
		"esutils": {
			"version": "2.0.3",
			"resolved": "https://registry.npm.taobao.org/esutils/download/esutils-2.0.3.tgz?cache=0&sync_timestamp=1564535492241&other_urls=https%3A%2F%2Fregistry.npm.taobao.org%2Fesutils%2Fdownload%2Fesutils-2.0.3.tgz",
			"integrity": "sha1-dNLrTeC42hKTcRkQ1Qd1ubcQ72Q="
		},
		"html-tags": {
			"version": "3.1.0",
			"resolved": "https://registry.npm.taobao.org/html-tags/download/html-tags-3.1.0.tgz?cache=0&other_urls=https%3A%2F%2Fregistry.npm.taobao.org%2Fhtml-tags%2Fdownload%2Fhtml-tags-3.1.0.tgz",
			"integrity": "sha1-e15vfmZen7QfMAB+2eDUHpf7IUA="
		},
		"lodash": {
			"version": "4.17.15",
			"resolved": "https://registry.npm.taobao.org/lodash/download/lodash-4.17.15.tgz",
			"integrity": "sha1-tEf2ZwoEVbv+7dETku/zMOoJdUg="
		},
		"svg-tags": {
			"version": "1.0.0",
			"resolved": "https://registry.npm.taobao.org/svg-tags/download/svg-tags-1.0.0.tgz",
			"integrity": "sha1-WPcc7jvVGbWdSyqEO2x95krAR2Q="
		},
		"to-fast-properties": {
			"version": "2.0.0",
			"resolved": "http://registry.npm.taobao.org/to-fast-properties/download/to-fast-properties-2.0.0.tgz",
			"integrity": "sha1-3F5pjL0HkmW8c+A3doGk5Og/YW4="
		},
		"typescript": {
			"version": "3.6.3",
			"resolved": "https://registry.npm.taobao.org/typescript/download/typescript-3.6.3.tgz",
			"integrity": "sha1-/qlC+rsg9+HKcWT/Ym8anz9wtNo=",
			"dev": true
		}
	}
}
